
Microsoft Visual Studio Solution File, Format Version 12.00
# Visual Studio 2012
Project("{FAE04EC0-301F-11D3-BF4B-00C04F79EFBC}") = "XamlEssentials-WP75", "XamlEssentials-WP75\XamlEssentials-WP75.csproj", "{1361581E-10CE-4BF1-8947-8655634716E8}"
EndProject
Global
	GlobalSection(SolutionConfigurationPlatforms) = preSolution
		Debug|Any CPU = Debug|Any CPU
		Debug|ARM = Debug|ARM
		Debug|x86 = Debug|x86
		Release|Any CPU = Release|Any CPU
		Release|ARM = Release|ARM
		Release|x86 = Release|x86
	EndGlobalSection
	GlobalSection(ProjectConfigurationPlatforms) = postSolution
		{1361581E-10CE-4BF1-8947-8655634716E8}.Debug|Any CPU.ActiveCfg = Debug|Any CPU
		{1361581E-10CE-4BF1-8947-8655634716E8}.Debug|Any CPU.Build.0 = Debug|Any CPU
		{1361581E-10CE-4BF1-8947-8655634716E8}.Debug|ARM.ActiveCfg = Debug|ARM
		{1361581E-10CE-4BF1-8947-8655634716E8}.Debug|ARM.Build.0 = Debug|ARM
		{1361581E-10CE-4BF1-8947-8655634716E8}.Debug|x86.ActiveCfg = Debug|x86
		{1361581E-10CE-4BF1-8947-8655634716E8}.Debug|x86.Build.0 = Debug|x86
		{1361581E-10CE-4BF1-8947-8655634716E8}.Release|Any CPU.ActiveCfg = Release|Any CPU
		{1361581E-10CE-4BF1-8947-8655634716E8}.Release|Any CPU.Build.0 = Release|Any CPU
		{1361581E-10CE-4BF1-8947-8655634716E8}.Release|ARM.ActiveCfg = Release|ARM
		{1361581E-10CE-4BF1-8947-8655634716E8}.Release|ARM.Build.0 = Release|ARM
		{1361581E-10CE-4BF1-8947-8655634716E8}.Release|x86.ActiveCfg = Release|x86
		{1361581E-10CE-4BF1-8947-8655634716E8}.Release|x86.Build.0 = Release|x86
	EndGlobalSection
	GlobalSection(SolutionProperties) = preSolution
		HideSolutionNode = FALSE
	EndGlobalSection
EndGlobal
